
Microsoft Visual Studio Solution File, Format Version 12.00
# Visual Studio 15
VisualStudioVersion = 15.0.27130.2010
MinimumVisualStudioVersion = 10.0.40219.1
Project("{FAE04EC0-301F-11D3-BF4B-00C04F79EFBC}") = "DynamicContentExample", "DynamicContentExample\DynamicContentExample.csproj", "{B4BAA759-C554-455F-AAB4-5776DA0480B1}"
EndProject
Project("{FAE04EC0-301F-11D3-BF4B-00C04F79EFBC}") = "ClassLibrary1", "ClassLibrary1\ClassLibrary1.csproj", "{DEDBA90F-D123-4C35-945B-068259058885}"
EndProject
Global
	GlobalSection(SolutionConfigurationPlatforms) = preSolution
		Debug|Any CPU = Debug|Any CPU
		Release|Any CPU = Release|Any CPU
	EndGlobalSection
	GlobalSection(ProjectConfigurationPlatforms) = postSolution
		{B4BAA759-C554-455F-AAB4-5776DA0480B1}.Debug|Any CPU.ActiveCfg = Debug|Any CPU
		{B4BAA759-C554-455F-AAB4-5776DA0480B1}.Debug|Any CPU.Build.0 = Debug|Any CPU
		{B4BAA759-C554-455F-AAB4-5776DA0480B1}.Release|Any CPU.ActiveCfg = Release|Any CPU
		{B4BAA759-C554-455F-AAB4-5776DA0480B1}.Release|Any CPU.Build.0 = Release|Any CPU
		{DEDBA90F-D123-4C35-945B-068259058885}.Debug|Any CPU.ActiveCfg = Debug|Any CPU
		{DEDBA90F-D123-4C35-945B-068259058885}.Debug|Any CPU.Build.0 = Debug|Any CPU
		{DEDBA90F-D123-4C35-945B-068259058885}.Release|Any CPU.ActiveCfg = Release|Any CPU
		{DEDBA90F-D123-4C35-945B-068259058885}.Release|Any CPU.Build.0 = Release|Any CPU
	EndGlobalSection
	GlobalSection(SolutionProperties) = preSolution
		HideSolutionNode = FALSE
	EndGlobalSection
	GlobalSection(ExtensibilityGlobals) = postSolution
		SolutionGuid = {D7D9AC42-C1B9-4829-AA16-CFC94B2FFFB6}
	EndGlobalSection
EndGlobal
